
Microsoft Visual Studio Solution File, Format Version 12.00
# Visual Studio 15
Project("{FAE04EC0-301F-11D3-BF4B-00C04F79EFBC}") = "Assembly-CSharp", "Assembly-CSharp.csproj", "{F5BC100E-5738-6D18-9A5A-07F9AF571040}"
EndProject
Project("{FAE04EC0-301F-11D3-BF4B-00C04F79EFBC}") = "Assembly-CSharp-Editor", "Assembly-CSharp-Editor.csproj", "{BDBD0359-3EBB-0B5E-CA66-75FFA835B032}"
EndProject
Global
	GlobalSection(SolutionConfigurationPlatforms) = preSolution
		Debug|Any CPU = Debug|Any CPU
		Release|Any CPU = Release|Any CPU
	EndGlobalSection
	GlobalSection(ProjectConfigurationPlatforms) = postSolution
		{F5BC100E-5738-6D18-9A5A-07F9AF571040}.Debug|Any CPU.ActiveCfg = Debug|Any CPU
		{F5BC100E-5738-6D18-9A5A-07F9AF571040}.Debug|Any CPU.Build.0 = Debug|Any CPU
		{F5BC100E-5738-6D18-9A5A-07F9AF571040}.Release|Any CPU.ActiveCfg = Release|Any CPU
		{F5BC100E-5738-6D18-9A5A-07F9AF571040}.Release|Any CPU.Build.0 = Release|Any CPU
		{BDBD0359-3EBB-0B5E-CA66-75FFA835B032}.Debug|Any CPU.ActiveCfg = Debug|Any CPU
		{BDBD0359-3EBB-0B5E-CA66-75FFA835B032}.Debug|Any CPU.Build.0 = Debug|Any CPU
		{BDBD0359-3EBB-0B5E-CA66-75FFA835B032}.Release|Any CPU.ActiveCfg = Release|Any CPU
		{BDBD0359-3EBB-0B5E-CA66-75FFA835B032}.Release|Any CPU.Build.0 = Release|Any CPU
	EndGlobalSection
	GlobalSection(SolutionProperties) = preSolution
		HideSolutionNode = FALSE
	EndGlobalSection
EndGlobal
